
Microsoft Visual Studio Solution File, Format Version 12.00
# Visual Studio Version 17
VisualStudioVersion = 17.12.35527.113
MinimumVisualStudioVersion = 10.0.40219.1
Project("{FAE04EC0-301F-11D3-BF4B-00C04F79EFBC}") = "Fonlow.VA.Languages", "Fonlow.VA.Languages.csproj", "{BE05973F-FCF8-45CC-8014-D0FCBE78CBB8}"
EndProject
Global
	GlobalSection(SolutionConfigurationPlatforms) = preSolution
		Debug|Any CPU = Debug|Any CPU
		Release|Any CPU = Release|Any CPU
	EndGlobalSection
	GlobalSection(ProjectConfigurationPlatforms) = postSolution
		{BE05973F-FCF8-45CC-8014-D0FCBE78CBB8}.Debug|Any CPU.ActiveCfg = Debug|Any CPU
		{BE05973F-FCF8-45CC-8014-D0FCBE78CBB8}.Debug|Any CPU.Build.0 = Debug|Any CPU
		{BE05973F-FCF8-45CC-8014-D0FCBE78CBB8}.Release|Any CPU.ActiveCfg = Release|Any CPU
		{BE05973F-FCF8-45CC-8014-D0FCBE78CBB8}.Release|Any CPU.Build.0 = Release|Any CPU
	EndGlobalSection
	GlobalSection(SolutionProperties) = preSolution
		HideSolutionNode = FALSE
	EndGlobalSection
	GlobalSection(ExtensibilityGlobals) = postSolution
		RESX_EnableXlifSync = True
	EndGlobalSection
EndGlobal
